
Microsoft Visual Studio Solution File, Format Version 12.00
# Visual Studio 2013
VisualStudioVersion = 12.0.31101.0
MinimumVisualStudioVersion = 10.0.40219.1
Project("{FAE04EC0-301F-11D3-BF4B-00C04F79EFBC}") = "AutoFacBasic", "AutoFacBasic\AutoFacBasic.csproj", "{108636D2-413F-4688-AA92-C0077F125081}"
EndProject
Project("{FAE04EC0-301F-11D3-BF4B-00C04F79EFBC}") = "ConstructorInjection", "ConstructorInjection\ConstructorInjection.csproj", "{E478D34B-D7ED-4124-8570-A5F48880E595}"
EndProject
Project("{FAE04EC0-301F-11D3-BF4B-00C04F79EFBC}") = "AutoFacModules", "AutoFacModules\AutoFacModules.csproj", "{5330F4A8-61E1-4314-9263-18A31554154F}"
EndProject
Project("{FAE04EC0-301F-11D3-BF4B-00C04F79EFBC}") = "Ordering", "Ordering\Ordering.csproj", "{3B22BAD4-8061-4D6F-AF85-C9DA743EFCFD}"
EndProject
Project("{FAE04EC0-301F-11D3-BF4B-00C04F79EFBC}") = "NamedInstance", "NamedInstance\NamedInstance.csproj", "{8697FFC2-3FFD-4FF6-BA2D-BD56DBEDA53D}"
EndProject
Project("{FAE04EC0-301F-11D3-BF4B-00C04F79EFBC}") = "KeyedRegistration", "KeyedRegistration\KeyedRegistration.csproj", "{03DBD011-3F7D-4D81-9B85-4728C21FBCFC}"
EndProject
Project("{FAE04EC0-301F-11D3-BF4B-00C04F79EFBC}") = "MetadataRegistration", "MetadataRegistration\MetadataRegistration.csproj", "{28FADD58-A1EF-49AC-AED7-226F000BD4C4}"
EndProject
Global
	GlobalSection(SolutionConfigurationPlatforms) = preSolution
		Debug|Any CPU = Debug|Any CPU
		Debug|ARM = Debug|ARM
		Debug|x64 = Debug|x64
		Debug|x86 = Debug|x86
		Release|Any CPU = Release|Any CPU
		Release|ARM = Release|ARM
		Release|x64 = Release|x64
		Release|x86 = Release|x86
	EndGlobalSection
	GlobalSection(ProjectConfigurationPlatforms) = postSolution
		{108636D2-413F-4688-AA92-C0077F125081}.Debug|Any CPU.ActiveCfg = Debug|Any CPU
		{108636D2-413F-4688-AA92-C0077F125081}.Debug|Any CPU.Build.0 = Debug|Any CPU
		{108636D2-413F-4688-AA92-C0077F125081}.Debug|ARM.ActiveCfg = Debug|Any CPU
		{108636D2-413F-4688-AA92-C0077F125081}.Debug|x64.ActiveCfg = Debug|Any CPU
		{108636D2-413F-4688-AA92-C0077F125081}.Debug|x86.ActiveCfg = Debug|Any CPU
		{108636D2-413F-4688-AA92-C0077F125081}.Release|Any CPU.ActiveCfg = Release|Any CPU
		{108636D2-413F-4688-AA92-C0077F125081}.Release|Any CPU.Build.0 = Release|Any CPU
		{108636D2-413F-4688-AA92-C0077F125081}.Release|ARM.ActiveCfg = Release|Any CPU
		{108636D2-413F-4688-AA92-C0077F125081}.Release|x64.ActiveCfg = Release|Any CPU
		{108636D2-413F-4688-AA92-C0077F125081}.Release|x86.ActiveCfg = Release|Any CPU
		{E478D34B-D7ED-4124-8570-A5F48880E595}.Debug|Any CPU.ActiveCfg = Debug|Any CPU
		{E478D34B-D7ED-4124-8570-A5F48880E595}.Debug|Any CPU.Build.0 = Debug|Any CPU
		{E478D34B-D7ED-4124-8570-A5F48880E595}.Debug|ARM.ActiveCfg = Debug|Any CPU
		{E478D34B-D7ED-4124-8570-A5F48880E595}.Debug|x64.ActiveCfg = Debug|Any CPU
		{E478D34B-D7ED-4124-8570-A5F48880E595}.Debug|x86.ActiveCfg = Debug|Any CPU
		{E478D34B-D7ED-4124-8570-A5F48880E595}.Release|Any CPU.ActiveCfg = Release|Any CPU
		{E478D34B-D7ED-4124-8570-A5F48880E595}.Release|Any CPU.Build.0 = Release|Any CPU
		{E478D34B-D7ED-4124-8570-A5F48880E595}.Release|ARM.ActiveCfg = Release|Any CPU
		{E478D34B-D7ED-4124-8570-A5F48880E595}.Release|x64.ActiveCfg = Release|Any CPU
		{E478D34B-D7ED-4124-8570-A5F48880E595}.Release|x86.ActiveCfg = Release|Any CPU
		{5330F4A8-61E1-4314-9263-18A31554154F}.Debug|Any CPU.ActiveCfg = Debug|Any CPU
		{5330F4A8-61E1-4314-9263-18A31554154F}.Debug|Any CPU.Build.0 = Debug|Any CPU
		{5330F4A8-61E1-4314-9263-18A31554154F}.Debug|ARM.ActiveCfg = Debug|Any CPU
		{5330F4A8-61E1-4314-9263-18A31554154F}.Debug|x64.ActiveCfg = Debug|Any CPU
		{5330F4A8-61E1-4314-9263-18A31554154F}.Debug|x86.ActiveCfg = Debug|Any CPU
		{5330F4A8-61E1-4314-9263-18A31554154F}.Release|Any CPU.ActiveCfg = Release|Any CPU
		{5330F4A8-61E1-4314-9263-18A31554154F}.Release|Any CPU.Build.0 = Release|Any CPU
		{5330F4A8-61E1-4314-9263-18A31554154F}.Release|ARM.ActiveCfg = Release|Any CPU
		{5330F4A8-61E1-4314-9263-18A31554154F}.Release|x64.ActiveCfg = Release|Any CPU
		{5330F4A8-61E1-4314-9263-18A31554154F}.Release|x86.ActiveCfg = Release|Any CPU
		{3B22BAD4-8061-4D6F-AF85-C9DA743EFCFD}.Debug|Any CPU.ActiveCfg = Debug|Any CPU
		{3B22BAD4-8061-4D6F-AF85-C9DA743EFCFD}.Debug|Any CPU.Build.0 = Debug|Any CPU
		{3B22BAD4-8061-4D6F-AF85-C9DA743EFCFD}.Debug|ARM.ActiveCfg = Debug|Any CPU
		{3B22BAD4-8061-4D6F-AF85-C9DA743EFCFD}.Debug|x64.ActiveCfg = Debug|Any CPU
		{3B22BAD4-8061-4D6F-AF85-C9DA743EFCFD}.Debug|x86.ActiveCfg = Debug|Any CPU
		{3B22BAD4-8061-4D6F-AF85-C9DA743EFCFD}.Release|Any CPU.ActiveCfg = Release|Any CPU
		{3B22BAD4-8061-4D6F-AF85-C9DA743EFCFD}.Release|Any CPU.Build.0 = Release|Any CPU
		{3B22BAD4-8061-4D6F-AF85-C9DA743EFCFD}.Release|ARM.ActiveCfg = Release|Any CPU
		{3B22BAD4-8061-4D6F-AF85-C9DA743EFCFD}.Release|x64.ActiveCfg = Release|Any CPU
		{3B22BAD4-8061-4D6F-AF85-C9DA743EFCFD}.Release|x86.ActiveCfg = Release|Any CPU
		{8697FFC2-3FFD-4FF6-BA2D-BD56DBEDA53D}.Debug|Any CPU.ActiveCfg = Debug|Any CPU
		{8697FFC2-3FFD-4FF6-BA2D-BD56DBEDA53D}.Debug|Any CPU.Build.0 = Debug|Any CPU
		{8697FFC2-3FFD-4FF6-BA2D-BD56DBEDA53D}.Debug|ARM.ActiveCfg = Debug|Any CPU
		{8697FFC2-3FFD-4FF6-BA2D-BD56DBEDA53D}.Debug|x64.ActiveCfg = Debug|Any CPU
		{8697FFC2-3FFD-4FF6-BA2D-BD56DBEDA53D}.Debug|x86.ActiveCfg = Debug|Any CPU
		{8697FFC2-3FFD-4FF6-BA2D-BD56DBEDA53D}.Release|Any CPU.ActiveCfg = Release|Any CPU
		{8697FFC2-3FFD-4FF6-BA2D-BD56DBEDA53D}.Release|Any CPU.Build.0 = Release|Any CPU
		{8697FFC2-3FFD-4FF6-BA2D-BD56DBEDA53D}.Release|ARM.ActiveCfg = Release|Any CPU
		{8697FFC2-3FFD-4FF6-BA2D-BD56DBEDA53D}.Release|x64.ActiveCfg = Release|Any CPU
		{8697FFC2-3FFD-4FF6-BA2D-BD56DBEDA53D}.Release|x86.ActiveCfg = Release|Any CPU
		{03DBD011-3F7D-4D81-9B85-4728C21FBCFC}.Debug|Any CPU.ActiveCfg = Debug|Any CPU
		{03DBD011-3F7D-4D81-9B85-4728C21FBCFC}.Debug|Any CPU.Build.0 = Debug|Any CPU
		{03DBD011-3F7D-4D81-9B85-4728C21FBCFC}.Debug|ARM.ActiveCfg = Debug|Any CPU
		{03DBD011-3F7D-4D81-9B85-4728C21FBCFC}.Debug|x64.ActiveCfg = Debug|Any CPU
		{03DBD011-3F7D-4D81-9B85-4728C21FBCFC}.Debug|x86.ActiveCfg = Debug|Any CPU
		{03DBD011-3F7D-4D81-9B85-4728C21FBCFC}.Release|Any CPU.ActiveCfg = Release|Any CPU
		{03DBD011-3F7D-4D81-9B85-4728C21FBCFC}.Release|Any CPU.Build.0 = Release|Any CPU
		{03DBD011-3F7D-4D81-9B85-4728C21FBCFC}.Release|ARM.ActiveCfg = Release|Any CPU
		{03DBD011-3F7D-4D81-9B85-4728C21FBCFC}.Release|x64.ActiveCfg = Release|Any CPU
		{03DBD011-3F7D-4D81-9B85-4728C21FBCFC}.Release|x86.ActiveCfg = Release|Any CPU
		{28FADD58-A1EF-49AC-AED7-226F000BD4C4}.Debug|Any CPU.ActiveCfg = Debug|Any CPU
		{28FADD58-A1EF-49AC-AED7-226F000BD4C4}.Debug|Any CPU.Build.0 = Debug|Any CPU
		{28FADD58-A1EF-49AC-AED7-226F000BD4C4}.Debug|ARM.ActiveCfg = Debug|Any CPU
		{28FADD58-A1EF-49AC-AED7-226F000BD4C4}.Debug|x64.ActiveCfg = Debug|Any CPU
		{28FADD58-A1EF-49AC-AED7-226F000BD4C4}.Debug|x86.ActiveCfg = Debug|Any CPU
		{28FADD58-A1EF-49AC-AED7-226F000BD4C4}.Release|Any CPU.ActiveCfg = Release|Any CPU
		{28FADD58-A1EF-49AC-AED7-226F000BD4C4}.Release|Any CPU.Build.0 = Release|Any CPU
		{28FADD58-A1EF-49AC-AED7-226F000BD4C4}.Release|ARM.ActiveCfg = Release|Any CPU
		{28FADD58-A1EF-49AC-AED7-226F000BD4C4}.Release|x64.ActiveCfg = Release|Any CPU
		{28FADD58-A1EF-49AC-AED7-226F000BD4C4}.Release|x86.ActiveCfg = Release|Any CPU
	EndGlobalSection
	GlobalSection(SolutionProperties) = preSolution
		HideSolutionNode = FALSE
	EndGlobalSection
EndGlobal
